{
  "requires": true,
  "lockfileVersion": 1,
  "dependencies": {
    "postprocessing": {
      "version": "6.26.4",
      "resolved": "https://registry.npmjs.org/postprocessing/-/postprocessing-6.26.4.tgz",
      "integrity": "sha512-8u3ERu8va0bhJ3E97r33tAqhMgOdX9ndSTQnL2KlNNOeO9L5h2w3Qi8UGzrU+R7s/Kwz51KxcB90XODcrpa0SA=="
    },
    "three": {
      "version": "0.140.2",
      "resolved": "https://registry.npmjs.org/three/-/three-0.140.2.tgz",
      "integrity": "sha512-DdT/AHm/TbZXEhQKQpGt5/iSgBrmXpjU26FNtj1KhllVPTKj1eG4X/ShyD5W2fngE+I1s1wa4ttC4C3oCJt7Ag=="
    }
  }
}
